// !$*UTF8*$!
{
	archiveVersion = 1;
	classes = {
	};
	objectVersion = 50;
	objects = {

/* Begin PBXBuildFile section */
		5F24648322B9953F00D970F9 /* Constants.swift in Sources */ = {isa = PBXBuildFile; fileRef = 5F24648222B9953F00D970F9 /* Constants.swift */; };
		5F24648622B9963000D970F9 /* GroupsPresenter.swift in Sources */ = {isa = PBXBuildFile; fileRef = 5F24648522B9963000D970F9 /* GroupsPresenter.swift */; };
		5F47AB4A22B927AC0066E87D /* AppDelegate.swift in Sources */ = {isa = PBXBuildFile; fileRef = 5F47AB4922B927AC0066E87D /* AppDelegate.swift */; };
		5F47AB4C22B927AC0066E87D /* PhotoViewController.swift in Sources */ = {isa = PBXBuildFile; fileRef = 5F47AB4B22B927AC0066E87D /* PhotoViewController.swift */; };
		5F47AB4F22B927AC0066E87D /* Main.storyboard in Resources */ = {isa = PBXBuildFile; fileRef = 5F47AB4D22B927AC0066E87D /* Main.storyboard */; };
		5F47AB5122B927AD0066E87D /* Assets.xcassets in Resources */ = {isa = PBXBuildFile; fileRef = 5F47AB5022B927AD0066E87D /* Assets.xcassets */; };
		5F47AB5422B927AD0066E87D /* LaunchScreen.storyboard in Resources */ = {isa = PBXBuildFile; fileRef = 5F47AB5222B927AD0066E87D /* LaunchScreen.storyboard */; };
		5F47AB6122B929670066E87D /* PhotoTableViewCell.swift in Sources */ = {isa = PBXBuildFile; fileRef = 5F47AB6022B929670066E87D /* PhotoTableViewCell.swift */; };
		5F4BCA3922B950F40004C012 /* PersistenceService.swift in Sources */ = {isa = PBXBuildFile; fileRef = 5F4BCA3822B950F40004C012 /* PersistenceService.swift */; };
		5F4BCA4322B966110004C012 /* GroupsViewController.swift in Sources */ = {isa = PBXBuildFile; fileRef = 5F4BCA4222B966110004C012 /* GroupsViewController.swift */; };
		5F4BCA4522B9665A0004C012 /* GroupsTableViewCell.swift in Sources */ = {isa = PBXBuildFile; fileRef = 5F4BCA4422B9665A0004C012 /* GroupsTableViewCell.swift */; };
		5F4BCA4822B968DD0004C012 /* GroupsJSONData.swift in Sources */ = {isa = PBXBuildFile; fileRef = 5F4BCA4722B968DD0004C012 /* GroupsJSONData.swift */; };
		5F521EC322BA857600E917AB /* ConvertToKAndM.swift in Sources */ = {isa = PBXBuildFile; fileRef = 5F521EC222BA857600E917AB /* ConvertToKAndM.swift */; };
		5F521EC522BAA24C00E917AB /* DropShadowView.swift in Sources */ = {isa = PBXBuildFile; fileRef = 5F521EC422BAA24C00E917AB /* DropShadowView.swift */; };
		5F71B4B722BEE37100187FB8 /* NetworkingStatus.swift in Sources */ = {isa = PBXBuildFile; fileRef = 5F71B4B622BEE37100187FB8 /* NetworkingStatus.swift */; };
		5F91FDED22BBEB8E00AF86F7 /* Log.swift in Sources */ = {isa = PBXBuildFile; fileRef = 5F91FDEC22BBEB8E00AF86F7 /* Log.swift */; };
		5F91FDF022BC0BB500AF86F7 /* ShowPhotoViewController.swift in Sources */ = {isa = PBXBuildFile; fileRef = 5F91FDEF22BC0BB500AF86F7 /* ShowPhotoViewController.swift */; };
		5F91FDF422BD1E6A00AF86F7 /* LoadingCell.swift in Sources */ = {isa = PBXBuildFile; fileRef = 5F91FDF322BD1E6A00AF86F7 /* LoadingCell.swift */; };
		5F91FDF722BD30F500AF86F7 /* Group+CoreDataProperties.swift in Sources */ = {isa = PBXBuildFile; fileRef = 5F91FDF522BD30F400AF86F7 /* Group+CoreDataProperties.swift */; };
		5F91FDF822BD30F500AF86F7 /* Group+CoreDataClass.swift in Sources */ = {isa = PBXBuildFile; fileRef = 5F91FDF622BD30F500AF86F7 /* Group+CoreDataClass.swift */; };
		5F91FDFB22BD329000AF86F7 /* Photo+CoreDataClass.swift in Sources */ = {isa = PBXBuildFile; fileRef = 5F91FDFA22BD329000AF86F7 /* Photo+CoreDataClass.swift */; };
		5F91FDFC22BD329000AF86F7 /* Photo+CoreDataProperties.swift in Sources */ = {isa = PBXBuildFile; fileRef = 5F91FDF922BD329000AF86F7 /* Photo+CoreDataProperties.swift */; };
		5F91FDFE22BE70EC00AF86F7 /* ShowGroupViewController.swift in Sources */ = {isa = PBXBuildFile; fileRef = 5F91FDFD22BE70EC00AF86F7 /* ShowGroupViewController.swift */; };
		5F91FE0622BE7ED600AF86F7 /* FlickerFinderTests.swift in Sources */ = {isa = PBXBuildFile; fileRef = 5F91FE0522BE7ED600AF86F7 /* FlickerFinderTests.swift */; };
		5FF3A64522B92B06004AD107 /* PhotosJSONData.swift in Sources */ = {isa = PBXBuildFile; fileRef = 5FF3A64422B92B06004AD107 /* PhotosJSONData.swift */; };
		5FF3A64722B92C9D004AD107 /* PhotoPresenter.swift in Sources */ = {isa = PBXBuildFile; fileRef = 5FF3A64622B92C9D004AD107 /* PhotoPresenter.swift */; };
		5FF3A64C22B92D31004AD107 /* Flickr.xcdatamodeld in Sources */ = {isa = PBXBuildFile; fileRef = 5FF3A64A22B92D31004AD107 /* Flickr.xcdatamodeld */; };
		AEAB604B198CEC9A43BD492D /* Pods_FlickerFinder.framework in Frameworks */ = {isa = PBXBuildFile; fileRef = E73061F8ED42C97C5C863518 /* Pods_FlickerFinder.framework */; };
/* End PBXBuildFile section */

/* Begin PBXContainerItemProxy section */
		5F91FE0822BE7ED600AF86F7 /* PBXContainerItemProxy */ = {
			isa = PBXContainerItemProxy;
			containerPortal = 5F47AB3E22B927AC0066E87D /* Project object */;
			proxyType = 1;
			remoteGlobalIDString = 5F47AB4522B927AC0066E87D;
			remoteInfo = FlickerFinder;
		};
/* End PBXContainerItemProxy section */

/* Begin PBXFileReference section */
		5F24648222B9953F00D970F9 /* Constants.swift */ = {isa = PBXFileReference; lastKnownFileType = sourcecode.swift; path = Constants.swift; sourceTree = "<group>"; };
		5F24648522B9963000D970F9 /* GroupsPresenter.swift */ = {isa = PBXFileReference; lastKnownFileType = sourcecode.swift; path = GroupsPresenter.swift; sourceTree = "<group>"; };
		5F47AB4622B927AC0066E87D /* FlickerFinder.app */ = {isa = PBXFileReference; explicitFileType = wrapper.application; includeInIndex = 0; path = FlickerFinder.app; sourceTree = BUILT_PRODUCTS_DIR; };
		5F47AB4922B927AC0066E87D /* AppDelegate.swift */ = {isa = PBXFileReference; lastKnownFileType = sourcecode.swift; path = AppDelegate.swift; sourceTree = "<group>"; };
		5F47AB4B22B927AC0066E87D /* PhotoViewController.swift */ = {isa = PBXFileReference; lastKnownFileType = sourcecode.swift; path = PhotoViewController.swift; sourceTree = "<group>"; };
		5F47AB4E22B927AC0066E87D /* Base */ = {isa = PBXFileReference; lastKnownFileType = file.storyboard; name = Base; path = Base.lproj/Main.storyboard; sourceTree = "<group>"; };
		5F47AB5022B927AD0066E87D /* Assets.xcassets */ = {isa = PBXFileReference; lastKnownFileType = folder.assetcatalog; path = Assets.xcassets; sourceTree = "<group>"; };
		5F47AB5322B927AD0066E87D /* Base */ = {isa = PBXFileReference; lastKnownFileType = file.storyboard; name = Base; path = Base.lproj/LaunchScreen.storyboard; sourceTree = "<group>"; };
		5F47AB5522B927AD0066E87D /* Info.plist */ = {isa = PBXFileReference; lastKnownFileType = text.plist.xml; path = Info.plist; sourceTree = "<group>"; };
		5F47AB6022B929670066E87D /* PhotoTableViewCell.swift */ = {isa = PBXFileReference; lastKnownFileType = sourcecode.swift; path = PhotoTableViewCell.swift; sourceTree = "<group>"; };
		5F4BCA3822B950F40004C012 /* PersistenceService.swift */ = {isa = PBXFileReference; lastKnownFileType = sourcecode.swift; path = PersistenceService.swift; sourceTree = "<group>"; };
		5F4BCA4222B966110004C012 /* GroupsViewController.swift */ = {isa = PBXFileReference; lastKnownFileType = sourcecode.swift; path = GroupsViewController.swift; sourceTree = "<group>"; };
		5F4BCA4422B9665A0004C012 /* GroupsTableViewCell.swift */ = {isa = PBXFileReference; lastKnownFileType = sourcecode.swift; path = GroupsTableViewCell.swift; sourceTree = "<group>"; };
		5F4BCA4722B968DD0004C012 /* GroupsJSONData.swift */ = {isa = PBXFileReference; lastKnownFileType = sourcecode.swift; path = GroupsJSONData.swift; sourceTree = "<group>"; };
		5F521EC222BA857600E917AB /* ConvertToKAndM.swift */ = {isa = PBXFileReference; lastKnownFileType = sourcecode.swift; path = ConvertToKAndM.swift; sourceTree = "<group>"; };
		5F521EC422BAA24C00E917AB /* DropShadowView.swift */ = {isa = PBXFileReference; lastKnownFileType = sourcecode.swift; path = DropShadowView.swift; sourceTree = "<group>"; };
		5F71B4B622BEE37100187FB8 /* NetworkingStatus.swift */ = {isa = PBXFileReference; lastKnownFileType = sourcecode.swift; path = NetworkingStatus.swift; sourceTree = "<group>"; };
		5F91FDEC22BBEB8E00AF86F7 /* Log.swift */ = {isa = PBXFileReference; lastKnownFileType = sourcecode.swift; path = Log.swift; sourceTree = "<group>"; };
		5F91FDEF22BC0BB500AF86F7 /* ShowPhotoViewController.swift */ = {isa = PBXFileReference; lastKnownFileType = sourcecode.swift; path = ShowPhotoViewController.swift; sourceTree = "<group>"; };
		5F91FDF322BD1E6A00AF86F7 /* LoadingCell.swift */ = {isa = PBXFileReference; lastKnownFileType = sourcecode.swift; path = LoadingCell.swift; sourceTree = "<group>"; };
		5F91FDF522BD30F400AF86F7 /* Group+CoreDataProperties.swift */ = {isa = PBXFileReference; lastKnownFileType = sourcecode.swift; name = "Group+CoreDataProperties.swift"; path = "/Users/fatimahgalhoum/Desktop/FlickerFinder/FlickerFinder/Model/CoreData/Group+CoreDataProperties.swift"; sourceTree = "<absolute>"; };
		5F91FDF622BD30F500AF86F7 /* Group+CoreDataClass.swift */ = {isa = PBXFileReference; lastKnownFileType = sourcecode.swift; name = "Group+CoreDataClass.swift"; path = "/Users/fatimahgalhoum/Desktop/FlickerFinder/FlickerFinder/Model/CoreData/Group+CoreDataClass.swift"; sourceTree = "<absolute>"; };
		5F91FDF922BD329000AF86F7 /* Photo+CoreDataProperties.swift */ = {isa = PBXFileReference; lastKnownFileType = sourcecode.swift; name = "Photo+CoreDataProperties.swift"; path = "/Users/fatimahgalhoum/Desktop/FlickerFinder/FlickerFinder/Model/CoreData/Photo+CoreDataProperties.swift"; sourceTree = "<absolute>"; };
		5F91FDFA22BD329000AF86F7 /* Photo+CoreDataClass.swift */ = {isa = PBXFileReference; lastKnownFileType = sourcecode.swift; name = "Photo+CoreDataClass.swift"; path = "/Users/fatimahgalhoum/Desktop/FlickerFinder/FlickerFinder/Model/CoreData/Photo+CoreDataClass.swift"; sourceTree = "<absolute>"; };
		5F91FDFD22BE70EC00AF86F7 /* ShowGroupViewController.swift */ = {isa = PBXFileReference; lastKnownFileType = sourcecode.swift; path = ShowGroupViewController.swift; sourceTree = "<group>"; };
		5F91FE0322BE7ED600AF86F7 /* FlickerFinderTests.xctest */ = {isa = PBXFileReference; explicitFileType = wrapper.cfbundle; includeInIndex = 0; path = FlickerFinderTests.xctest; sourceTree = BUILT_PRODUCTS_DIR; };
		5F91FE0522BE7ED600AF86F7 /* FlickerFinderTests.swift */ = {isa = PBXFileReference; lastKnownFileType = sourcecode.swift; path = FlickerFinderTests.swift; sourceTree = "<group>"; };
		5F91FE0722BE7ED600AF86F7 /* Info.plist */ = {isa = PBXFileReference; lastKnownFileType = text.plist.xml; path = Info.plist; sourceTree = "<group>"; };
		5FF3A64422B92B06004AD107 /* PhotosJSONData.swift */ = {isa = PBXFileReference; lastKnownFileType = sourcecode.swift; path = PhotosJSONData.swift; sourceTree = "<group>"; };
		5FF3A64622B92C9D004AD107 /* PhotoPresenter.swift */ = {isa = PBXFileReference; lastKnownFileType = sourcecode.swift; path = PhotoPresenter.swift; sourceTree = "<group>"; };
		5FF3A64B22B92D31004AD107 /* Flickr.xcdatamodel */ = {isa = PBXFileReference; lastKnownFileType = wrapper.xcdatamodel; path = Flickr.xcdatamodel; sourceTree = "<group>"; };
		D773ADA8DF1D38903F5838D6 /* Pods-FlickerFinder.release.xcconfig */ = {isa = PBXFileReference; includeInIndex = 1; lastKnownFileType = text.xcconfig; name = "Pods-FlickerFinder.release.xcconfig"; path = "Target Support Files/Pods-FlickerFinder/Pods-FlickerFinder.release.xcconfig"; sourceTree = "<group>"; };
		D86A690968FC16CE3D453277 /* Pods-FlickerFinder.debug.xcconfig */ = {isa = PBXFileReference; includeInIndex = 1; lastKnownFileType = text.xcconfig; name = "Pods-FlickerFinder.debug.xcconfig"; path = "Target Support Files/Pods-FlickerFinder/Pods-FlickerFinder.debug.xcconfig"; sourceTree = "<group>"; };
		E73061F8ED42C97C5C863518 /* Pods_FlickerFinder.framework */ = {isa = PBXFileReference; explicitFileType = wrapper.framework; includeInIndex = 0; path = Pods_FlickerFinder.framework; sourceTree = BUILT_PRODUCTS_DIR; };
/* End PBXFileReference section */

/* Begin PBXFrameworksBuildPhase section */
		5F47AB4322B927AC0066E87D /* Frameworks */ = {
			isa = PBXFrameworksBuildPhase;
			buildActionMask = 2147483647;
			files = (
				AEAB604B198CEC9A43BD492D /* Pods_FlickerFinder.framework in Frameworks */,
			);
			runOnlyForDeploymentPostprocessing = 0;
		};
		5F91FE0022BE7ED600AF86F7 /* Frameworks */ = {
			isa = PBXFrameworksBuildPhase;
			buildActionMask = 2147483647;
			files = (
			);
			runOnlyForDeploymentPostprocessing = 0;
		};
/* End PBXFrameworksBuildPhase section */

/* Begin PBXGroup section */
		5F24648122B9952100D970F9 /* Constant */ = {
			isa = PBXGroup;
			children = (
				5F24648222B9953F00D970F9 /* Constants.swift */,
				5F521EC222BA857600E917AB /* ConvertToKAndM.swift */,
				5F521EC422BAA24C00E917AB /* DropShadowView.swift */,
			);
			path = Constant;
			sourceTree = "<group>";
		};
		5F24648422B995B700D970F9 /* CoreData */ = {
			isa = PBXGroup;
			children = (
				5FF3A64A22B92D31004AD107 /* Flickr.xcdatamodeld */,
				5F91FDF622BD30F500AF86F7 /* Group+CoreDataClass.swift */,
				5F91FDF522BD30F400AF86F7 /* Group+CoreDataProperties.swift */,
				5F4BCA3822B950F40004C012 /* PersistenceService.swift */,
				5F91FDFA22BD329000AF86F7 /* Photo+CoreDataClass.swift */,
				5F91FDF922BD329000AF86F7 /* Photo+CoreDataProperties.swift */,
			);
			path = CoreData;
			sourceTree = "<group>";
		};
		5F47AB3D22B927AC0066E87D = {
			isa = PBXGroup;
			children = (
				5F47AB4822B927AC0066E87D /* FlickerFinder */,
				5F91FE0422BE7ED600AF86F7 /* FlickerFinderTests */,
				5F47AB4722B927AC0066E87D /* Products */,
				8E16BB3E535E1BB7D98A81B0 /* Pods */,
				F12D01C7C4200C493796CF3C /* Frameworks */,
			);
			sourceTree = "<group>";
		};
		5F47AB4722B927AC0066E87D /* Products */ = {
			isa = PBXGroup;
			children = (
				5F47AB4622B927AC0066E87D /* FlickerFinder.app */,
				5F91FE0322BE7ED600AF86F7 /* FlickerFinderTests.xctest */,
			);
			name = Products;
			sourceTree = "<group>";
		};
		5F47AB4822B927AC0066E87D /* FlickerFinder */ = {
			isa = PBXGroup;
			children = (
				5F91FDEE22BBEBB100AF86F7 /* Log */,
				5F24648122B9952100D970F9 /* Constant */,
				5F47AB5D22B928DC0066E87D /* Model */,
				5F47AB5C22B928CD0066E87D /* Presenter */,
				5F47AB5B22B928BF0066E87D /* View */,
				5F47AB5022B927AD0066E87D /* Assets.xcassets */,
				5F47AB5522B927AD0066E87D /* Info.plist */,
			);
			path = FlickerFinder;
			sourceTree = "<group>";
		};
		5F47AB5B22B928BF0066E87D /* View */ = {
			isa = PBXGroup;
			children = (
				5F47AB4922B927AC0066E87D /* AppDelegate.swift */,
				5FF3A64322B92AB8004AD107 /* StoryBoards */,
				5F47AB5E22B928EC0066E87D /* Controllers */,
				5F47AB5F22B9293D0066E87D /* Cells */,
			);
			path = View;
			sourceTree = "<group>";
		};
		5F47AB5C22B928CD0066E87D /* Presenter */ = {
			isa = PBXGroup;
			children = (
				5FF3A64622B92C9D004AD107 /* PhotoPresenter.swift */,
				5F24648522B9963000D970F9 /* GroupsPresenter.swift */,
				5F71B4B622BEE37100187FB8 /* NetworkingStatus.swift */,
			);
			path = Presenter;
			sourceTree = "<group>";
		};
		5F47AB5D22B928DC0066E87D /* Model */ = {
			isa = PBXGroup;
			children = (
				5F24648422B995B700D970F9 /* CoreData */,
				5F4BCA4622B968C10004C012 /* JSON */,
			);
			path = Model;
			sourceTree = "<group>";
		};
		5F47AB5E22B928EC0066E87D /* Controllers */ = {
			isa = PBXGroup;
			children = (
				5F47AB4B22B927AC0066E87D /* PhotoViewController.swift */,
				5F4BCA4222B966110004C012 /* GroupsViewController.swift */,
				5F91FDEF22BC0BB500AF86F7 /* ShowPhotoViewController.swift */,
				5F91FDFD22BE70EC00AF86F7 /* ShowGroupViewController.swift */,
			);
			path = Controllers;
			sourceTree = "<group>";
		};
		5F47AB5F22B9293D0066E87D /* Cells */ = {
			isa = PBXGroup;
			children = (
				5F47AB6022B929670066E87D /* PhotoTableViewCell.swift */,
				5F4BCA4422B9665A0004C012 /* GroupsTableViewCell.swift */,
				5F91FDF322BD1E6A00AF86F7 /* LoadingCell.swift */,
			);
			path = Cells;
			sourceTree = "<group>";
		};
		5F4BCA4622B968C10004C012 /* JSON */ = {
			isa = PBXGroup;
			children = (
				5FF3A64422B92B06004AD107 /* PhotosJSONData.swift */,
				5F4BCA4722B968DD0004C012 /* GroupsJSONData.swift */,
			);
			path = JSON;
			sourceTree = "<group>";
		};
		5F91FDEE22BBEBB100AF86F7 /* Log */ = {
			isa = PBXGroup;
			children = (
				5F91FDEC22BBEB8E00AF86F7 /* Log.swift */,
			);
			path = Log;
			sourceTree = "<group>";
		};
		5F91FE0422BE7ED600AF86F7 /* FlickerFinderTests */ = {
			isa = PBXGroup;
			children = (
				5F91FE0522BE7ED600AF86F7 /* FlickerFinderTests.swift */,
				5F91FE0722BE7ED600AF86F7 /* Info.plist */,
			);
			path = FlickerFinderTests;
			sourceTree = "<group>";
		};
		5FF3A64322B92AB8004AD107 /* StoryBoards */ = {
			isa = PBXGroup;
			children = (
				5F47AB4D22B927AC0066E87D /* Main.storyboard */,
				5F47AB5222B927AD0066E87D /* LaunchScreen.storyboard */,
			);
			path = StoryBoards;
			sourceTree = "<group>";
		};
		8E16BB3E535E1BB7D98A81B0 /* Pods */ = {
			isa = PBXGroup;
			children = (
				D86A690968FC16CE3D453277 /* Pods-FlickerFinder.debug.xcconfig */,
				D773ADA8DF1D38903F5838D6 /* Pods-FlickerFinder.release.xcconfig */,
			);
			path = Pods;
			sourceTree = "<group>";
		};
		F12D01C7C4200C493796CF3C /* Frameworks */ = {
			isa = PBXGroup;
			children = (
				E73061F8ED42C97C5C863518 /* Pods_FlickerFinder.framework */,
			);
			name = Frameworks;
			sourceTree = "<group>";
		};
/* End PBXGroup section */

/* Begin PBXNativeTarget section */
		5F47AB4522B927AC0066E87D /* FlickerFinder */ = {
			isa = PBXNativeTarget;
			buildConfigurationList = 5F47AB5822B927AD0066E87D /* Build configuration list for PBXNativeTarget "FlickerFinder" */;
			buildPhases = (
				D67A2D69592C6CD5E6051863 /* [CP] Check Pods Manifest.lock */,
				5F47AB4222B927AC0066E87D /* Sources */,
				5F47AB4322B927AC0066E87D /* Frameworks */,
				5F47AB4422B927AC0066E87D /* Resources */,
				04D25056FC63FC2F62773629 /* [CP] Embed Pods Frameworks */,
			);
			buildRules = (
			);
			dependencies = (
			);
			name = FlickerFinder;
			productName = FlickerFinder;
			productReference = 5F47AB4622B927AC0066E87D /* FlickerFinder.app */;
			productType = "com.apple.product-type.application";
		};
		5F91FE0222BE7ED600AF86F7 /* FlickerFinderTests */ = {
			isa = PBXNativeTarget;
			buildConfigurationList = 5F91FE0A22BE7ED600AF86F7 /* Build configuration list for PBXNativeTarget "FlickerFinderTests" */;
			buildPhases = (
				5F91FDFF22BE7ED600AF86F7 /* Sources */,
				5F91FE0022BE7ED600AF86F7 /* Frameworks */,
				5F91FE0122BE7ED600AF86F7 /* Resources */,
			);
			buildRules = (
			);
			dependencies = (
				5F91FE0922BE7ED600AF86F7 /* PBXTargetDependency */,
			);
			name = FlickerFinderTests;
			productName = FlickerFinderTests;
			productReference = 5F91FE0322BE7ED600AF86F7 /* FlickerFinderTests.xctest */;
			productType = "com.apple.product-type.bundle.unit-test";
		};
/* End PBXNativeTarget section */

/* Begin PBXProject section */
		5F47AB3E22B927AC0066E87D /* Project object */ = {
			isa = PBXProject;
			attributes = {
				LastSwiftUpdateCheck = 1020;
				LastUpgradeCheck = 1020;
				ORGANIZATIONNAME = "Fatimah Galhoum";
				TargetAttributes = {
					5F47AB4522B927AC0066E87D = {
						CreatedOnToolsVersion = 10.2.1;
						SystemCapabilities = {
							com.apple.ApplicationGroups.iOS = {
								enabled = 0;
							};
						};
					};
					5F91FE0222BE7ED600AF86F7 = {
						CreatedOnToolsVersion = 10.2.1;
						TestTargetID = 5F47AB4522B927AC0066E87D;
					};
				};
			};
			buildConfigurationList = 5F47AB4122B927AC0066E87D /* Build configuration list for PBXProject "FlickerFinder" */;
			compatibilityVersion = "Xcode 9.3";
			developmentRegion = en;
			hasScannedForEncodings = 0;
			knownRegions = (
				en,
				Base,
			);
			mainGroup = 5F47AB3D22B927AC0066E87D;
			productRefGroup = 5F47AB4722B927AC0066E87D /* Products */;
			projectDirPath = "";
			projectRoot = "";
			targets = (
				5F47AB4522B927AC0066E87D /* FlickerFinder */,
				5F91FE0222BE7ED600AF86F7 /* FlickerFinderTests */,
			);
		};
/* End PBXProject section */

/* Begin PBXResourcesBuildPhase section */
		5F47AB4422B927AC0066E87D /* Resources */ = {
			isa = PBXResourcesBuildPhase;
			buildActionMask = 2147483647;
			files = (
				5F47AB5422B927AD0066E87D /* LaunchScreen.storyboard in Resources */,
				5F47AB5122B927AD0066E87D /* Assets.xcassets in Resources */,
				5F47AB4F22B927AC0066E87D /* Main.storyboard in Resources */,
			);
			runOnlyForDeploymentPostprocessing = 0;
		};
		5F91FE0122BE7ED600AF86F7 /* Resources */ = {
			isa = PBXResourcesBuildPhase;
			buildActionMask = 2147483647;
			files = (
			);
			runOnlyForDeploymentPostprocessing = 0;
		};
/* End PBXResourcesBuildPhase section */

/* Begin PBXShellScriptBuildPhase section */
		04D25056FC63FC2F62773629 /* [CP] Embed Pods Frameworks */ = {
			isa = PBXShellScriptBuildPhase;
			buildActionMask = 2147483647;
			files = (
			);
			inputFileListPaths = (
			);
			inputPaths = (
				"${PODS_ROOT}/Target Support Files/Pods-FlickerFinder/Pods-FlickerFinder-frameworks.sh",
				"${BUILT_PRODUCTS_DIR}/Alamofire/Alamofire.framework",
				"${BUILT_PRODUCTS_DIR}/Kingfisher/Kingfisher.framework",
				"${BUILT_PRODUCTS_DIR}/ReachabilitySwift/Reachability.framework",
			);
			name = "[CP] Embed Pods Frameworks";
			outputFileListPaths = (
			);
			outputPaths = (
				"${TARGET_BUILD_DIR}/${FRAMEWORKS_FOLDER_PATH}/Alamofire.framework",
				"${TARGET_BUILD_DIR}/${FRAMEWORKS_FOLDER_PATH}/Kingfisher.framework",
				"${TARGET_BUILD_DIR}/${FRAMEWORKS_FOLDER_PATH}/Reachability.framework",
			);
			runOnlyForDeploymentPostprocessing = 0;
			shellPath = /bin/sh;
			shellScript = "\"${PODS_ROOT}/Target Support Files/Pods-FlickerFinder/Pods-FlickerFinder-frameworks.sh\"\n";
			showEnvVarsInLog = 0;
		};
		D67A2D69592C6CD5E6051863 /* [CP] Check Pods Manifest.lock */ = {
			isa = PBXShellScriptBuildPhase;
			buildActionMask = 2147483647;
			files = (
			);
			inputFileListPaths = (
			);
			inputPaths = (
				"${PODS_PODFILE_DIR_PATH}/Podfile.lock",
				"${PODS_ROOT}/Manifest.lock",
			);
			name = "[CP] Check Pods Manifest.lock";
			outputFileListPaths = (
			);
			outputPaths = (
				"$(DERIVED_FILE_DIR)/Pods-FlickerFinder-checkManifestLockResult.txt",
			);
			runOnlyForDeploymentPostprocessing = 0;
			shellPath = /bin/sh;
			shellScript = "diff \"${PODS_PODFILE_DIR_PATH}/Podfile.lock\" \"${PODS_ROOT}/Manifest.lock\" > /dev/null\nif [ $? != 0 ] ; then\n    # print error to STDERR\n    echo \"error: The sandbox is not in sync with the Podfile.lock. Run 'pod install' or update your CocoaPods installation.\" >&2\n    exit 1\nfi\n# This output is used by Xcode 'outputs' to avoid re-running this script phase.\necho \"SUCCESS\" > \"${SCRIPT_OUTPUT_FILE_0}\"\n";
			showEnvVarsInLog = 0;
		};
/* End PBXShellScriptBuildPhase section */

/* Begin PBXSourcesBuildPhase section */
		5F47AB4222B927AC0066E87D /* Sources */ = {
			isa = PBXSourcesBuildPhase;
			buildActionMask = 2147483647;
			files = (
				5F91FDFC22BD329000AF86F7 /* Photo+CoreDataProperties.swift in Sources */,
				5FF3A64722B92C9D004AD107 /* PhotoPresenter.swift in Sources */,
				5FF3A64522B92B06004AD107 /* PhotosJSONData.swift in Sources */,
				5F91FDF022BC0BB500AF86F7 /* ShowPhotoViewController.swift in Sources */,
				5F4BCA4822B968DD0004C012 /* GroupsJSONData.swift in Sources */,
				5F24648622B9963000D970F9 /* GroupsPresenter.swift in Sources */,
				5F47AB4C22B927AC0066E87D /* PhotoViewController.swift in Sources */,
				5F4BCA4322B966110004C012 /* GroupsViewController.swift in Sources */,
				5F47AB4A22B927AC0066E87D /* AppDelegate.swift in Sources */,
				5F24648322B9953F00D970F9 /* Constants.swift in Sources */,
				5F91FDF822BD30F500AF86F7 /* Group+CoreDataClass.swift in Sources */,
				5F91FDFE22BE70EC00AF86F7 /* ShowGroupViewController.swift in Sources */,
				5F91FDFB22BD329000AF86F7 /* Photo+CoreDataClass.swift in Sources */,
				5FF3A64C22B92D31004AD107 /* Flickr.xcdatamodeld in Sources */,
				5F521EC322BA857600E917AB /* ConvertToKAndM.swift in Sources */,
				5F4BCA4522B9665A0004C012 /* GroupsTableViewCell.swift in Sources */,
				5F91FDED22BBEB8E00AF86F7 /* Log.swift in Sources */,
				5F521EC522BAA24C00E917AB /* DropShadowView.swift in Sources */,
				5F71B4B722BEE37100187FB8 /* NetworkingStatus.swift in Sources */,
				5F91FDF422BD1E6A00AF86F7 /* LoadingCell.swift in Sources */,
				5F91FDF722BD30F500AF86F7 /* Group+CoreDataProperties.swift in Sources */,
				5F47AB6122B929670066E87D /* PhotoTableViewCell.swift in Sources */,
				5F4BCA3922B950F40004C012 /* PersistenceService.swift in Sources */,
			);
			runOnlyForDeploymentPostprocessing = 0;
		};
		5F91FDFF22BE7ED600AF86F7 /* Sources */ = {
			isa = PBXSourcesBuildPhase;
			buildActionMask = 2147483647;
			files = (
				5F91FE0622BE7ED600AF86F7 /* FlickerFinderTests.swift in Sources */,
			);
			runOnlyForDeploymentPostprocessing = 0;
		};
/* End PBXSourcesBuildPhase section */

/* Begin PBXTargetDependency section */
		5F91FE0922BE7ED600AF86F7 /* PBXTargetDependency */ = {
			isa = PBXTargetDependency;
			target = 5F47AB4522B927AC0066E87D /* FlickerFinder */;
			targetProxy = 5F91FE0822BE7ED600AF86F7 /* PBXContainerItemProxy */;
		};
/* End PBXTargetDependency section */

/* Begin PBXVariantGroup section */
		5F47AB4D22B927AC0066E87D /* Main.storyboard */ = {
			isa = PBXVariantGroup;
			children = (
				5F47AB4E22B927AC0066E87D /* Base */,
			);
			name = Main.storyboard;
			sourceTree = "<group>";
		};
		5F47AB5222B927AD0066E87D /* LaunchScreen.storyboard */ = {
			isa = PBXVariantGroup;
			children = (
				5F47AB5322B927AD0066E87D /* Base */,
			);
			name = LaunchScreen.storyboard;
			sourceTree = "<group>";
		};
/* End PBXVariantGroup section */

/* Begin XCBuildConfiguration section */
		5F47AB5622B927AD0066E87D /* Debug */ = {
			isa = XCBuildConfiguration;
			buildSettings = {
				ALWAYS_SEARCH_USER_PATHS = NO;
				CLANG_ANALYZER_NONNULL = YES;
				CLANG_ANALYZER_NUMBER_OBJECT_CONVERSION = YES_AGGRESSIVE;
				CLANG_CXX_LANGUAGE_STANDARD = "gnu++14";
				CLANG_CXX_LIBRARY = "libc++";
				CLANG_ENABLE_MODULES = YES;
				CLANG_ENABLE_OBJC_ARC = YES;
				CLANG_ENABLE_OBJC_WEAK = YES;
				CLANG_WARN_BLOCK_CAPTURE_AUTORELEASING = YES;
				CLANG_WARN_BOOL_CONVERSION = YES;
				CLANG_WARN_COMMA = YES;
				CLANG_WARN_CONSTANT_CONVERSION = YES;
				CLANG_WARN_DEPRECATED_OBJC_IMPLEMENTATIONS = YES;
				CLANG_WARN_DIRECT_OBJC_ISA_USAGE = YES_ERROR;
				CLANG_WARN_DOCUMENTATION_COMMENTS = YES;
				CLANG_WARN_EMPTY_BODY = YES;
				CLANG_WARN_ENUM_CONVERSION = YES;
				CLANG_WARN_INFINITE_RECURSION = YES;
				CLANG_WARN_INT_CONVERSION = YES;
				CLANG_WARN_NON_LITERAL_NULL_CONVERSION = YES;
				CLANG_WARN_OBJC_IMPLICIT_RETAIN_SELF = YES;
				CLANG_WARN_OBJC_LITERAL_CONVERSION = YES;
				CLANG_WARN_OBJC_ROOT_CLASS = YES_ERROR;
				CLANG_WARN_RANGE_LOOP_ANALYSIS = YES;
				CLANG_WARN_STRICT_PROTOTYPES = YES;
				CLANG_WARN_SUSPICIOUS_MOVE = YES;
				CLANG_WARN_UNGUARDED_AVAILABILITY = YES_AGGRESSIVE;
				CLANG_WARN_UNREACHABLE_CODE = YES;
				CLANG_WARN__DUPLICATE_METHOD_MATCH = YES;
				CODE_SIGN_IDENTITY = "iPhone Developer";
				COPY_PHASE_STRIP = NO;
				DEBUG_INFORMATION_FORMAT = dwarf;
				ENABLE_STRICT_OBJC_MSGSEND = YES;
				ENABLE_TESTABILITY = YES;
				GCC_C_LANGUAGE_STANDARD = gnu11;
				GCC_DYNAMIC_NO_PIC = NO;
				GCC_NO_COMMON_BLOCKS = YES;
				GCC_OPTIMIZATION_LEVEL = 0;
				GCC_PREPROCESSOR_DEFINITIONS = (
					"DEBUG=1",
					"$(inherited)",
				);
				GCC_WARN_64_TO_32_BIT_CONVERSION = YES;
				GCC_WARN_ABOUT_RETURN_TYPE = YES_ERROR;
				GCC_WARN_UNDECLARED_SELECTOR = YES;
				GCC_WARN_UNINITIALIZED_AUTOS = YES_AGGRESSIVE;
				GCC_WARN_UNUSED_FUNCTION = YES;
				GCC_WARN_UNUSED_VARIABLE = YES;
				IPHONEOS_DEPLOYMENT_TARGET = 12.2;
				MTL_ENABLE_DEBUG_INFO = INCLUDE_SOURCE;
				MTL_FAST_MATH = YES;
				ONLY_ACTIVE_ARCH = YES;
				SDKROOT = iphoneos;
				SWIFT_ACTIVE_COMPILATION_CONDITIONS = DEBUG;
				SWIFT_OPTIMIZATION_LEVEL = "-Onone";
			};
			name = Debug;
		};
		5F47AB5722B927AD0066E87D /* Release */ = {
			isa = XCBuildConfiguration;
			buildSettings = {
				ALWAYS_SEARCH_USER_PATHS = NO;
				CLANG_ANALYZER_NONNULL = YES;
				CLANG_ANALYZER_NUMBER_OBJECT_CONVERSION = YES_AGGRESSIVE;
				CLANG_CXX_LANGUAGE_STANDARD = "gnu++14";
				CLANG_CXX_LIBRARY = "libc++";
				CLANG_ENABLE_MODULES = YES;
				CLANG_ENABLE_OBJC_ARC = YES;
				CLANG_ENABLE_OBJC_WEAK = YES;
				CLANG_WARN_BLOCK_CAPTURE_AUTORELEASING = YES;
				CLANG_WARN_BOOL_CONVERSION = YES;
				CLANG_WARN_COMMA = YES;
				CLANG_WARN_CONSTANT_CONVERSION = YES;
				CLANG_WARN_DEPRECATED_OBJC_IMPLEMENTATIONS = YES;
				CLANG_WARN_DIRECT_OBJC_ISA_USAGE = YES_ERROR;
				CLANG_WARN_DOCUMENTATION_COMMENTS = YES;
				CLANG_WARN_EMPTY_BODY = YES;
				CLANG_WARN_ENUM_CONVERSION = YES;
				CLANG_WARN_INFINITE_RECURSION = YES;
				CLANG_WARN_INT_CONVERSION = YES;
				CLANG_WARN_NON_LITERAL_NULL_CONVERSION = YES;
				CLANG_WARN_OBJC_IMPLICIT_RETAIN_SELF = YES;
				CLANG_WARN_OBJC_LITERAL_CONVERSION = YES;
				CLANG_WARN_OBJC_ROOT_CLASS = YES_ERROR;
				CLANG_WARN_RANGE_LOOP_ANALYSIS = YES;
				CLANG_WARN_STRICT_PROTOTYPES = YES;
				CLANG_WARN_SUSPICIOUS_MOVE = YES;
				CLANG_WARN_UNGUARDED_AVAILABILITY = YES_AGGRESSIVE;
				CLANG_WARN_UNREACHABLE_CODE = YES;
				CLANG_WARN__DUPLICATE_METHOD_MATCH = YES;
				CODE_SIGN_IDENTITY = "iPhone Developer";
				COPY_PHASE_STRIP = NO;
				DEBUG_INFORMATION_FORMAT = "dwarf-with-dsym";
				ENABLE_NS_ASSERTIONS = NO;
				ENABLE_STRICT_OBJC_MSGSEND = YES;
				GCC_C_LANGUAGE_STANDARD = gnu11;
				GCC_NO_COMMON_BLOCKS = YES;
				GCC_WARN_64_TO_32_BIT_CONVERSION = YES;
				GCC_WARN_ABOUT_RETURN_TYPE = YES_ERROR;
				GCC_WARN_UNDECLARED_SELECTOR = YES;
				GCC_WARN_UNINITIALIZED_AUTOS = YES_AGGRESSIVE;
				GCC_WARN_UNUSED_FUNCTION = YES;
				GCC_WARN_UNUSED_VARIABLE = YES;
				IPHONEOS_DEPLOYMENT_TARGET = 12.2;
				MTL_ENABLE_DEBUG_INFO = NO;
				MTL_FAST_MATH = YES;
				SDKROOT = iphoneos;
				SWIFT_COMPILATION_MODE = wholemodule;
				SWIFT_OPTIMIZATION_LEVEL = "-O";
				VALIDATE_PRODUCT = YES;
			};
			name = Release;
		};
		5F47AB5922B927AD0066E87D /* Debug */ = {
			isa = XCBuildConfiguration;
			baseConfigurationReference = D86A690968FC16CE3D453277 /* Pods-FlickerFinder.debug.xcconfig */;
			buildSettings = {
				ASSETCATALOG_COMPILER_APPICON_NAME = AppIcon;
				CODE_SIGN_STYLE = Automatic;
				DEVELOPMENT_TEAM = W7AVW8RD9R;
				INFOPLIST_FILE = FlickerFinder/Info.plist;
				LD_RUNPATH_SEARCH_PATHS = (
					"$(inherited)",
					"@executable_path/Frameworks",
				);
				PRODUCT_BUNDLE_IDENTIFIER = com.FatimahGalhoum.FlickerFinder;
				PRODUCT_NAME = "$(TARGET_NAME)";
				SWIFT_VERSION = 5.0;
				TARGETED_DEVICE_FAMILY = "1,2";
			};
			name = Debug;
		};
		5F47AB5A22B927AD0066E87D /* Release */ = {
			isa = XCBuildConfiguration;
			baseConfigurationReference = D773ADA8DF1D38903F5838D6 /* Pods-FlickerFinder.release.xcconfig */;
			buildSettings = {
				ASSETCATALOG_COMPILER_APPICON_NAME = AppIcon;
				CODE_SIGN_STYLE = Automatic;
				DEVELOPMENT_TEAM = W7AVW8RD9R;
				INFOPLIST_FILE = FlickerFinder/Info.plist;
				LD_RUNPATH_SEARCH_PATHS = (
					"$(inherited)",
					"@executable_path/Frameworks",
				);
				PRODUCT_BUNDLE_IDENTIFIER = com.FatimahGalhoum.FlickerFinder;
				PRODUCT_NAME = "$(TARGET_NAME)";
				SWIFT_VERSION = 5.0;
				TARGETED_DEVICE_FAMILY = "1,2";
			};
			name = Release;
		};
		5F91FE0B22BE7ED600AF86F7 /* Debug */ = {
			isa = XCBuildConfiguration;
			buildSettings = {
				BUNDLE_LOADER = "$(TEST_HOST)";
				CODE_SIGN_STYLE = Automatic;
				DEVELOPMENT_TEAM = W7AVW8RD9R;
				INFOPLIST_FILE = FlickerFinderTests/Info.plist;
				LD_RUNPATH_SEARCH_PATHS = (
					"$(inherited)",
					"@executable_path/Frameworks",
					"@loader_path/Frameworks",
				);
				PRODUCT_BUNDLE_IDENTIFIER = FatimahGalhoum.FlickerFinderTests;
				PRODUCT_NAME = "$(TARGET_NAME)";
				SWIFT_VERSION = 5.0;
				TARGETED_DEVICE_FAMILY = "1,2";
				TEST_HOST = "$(BUILT_PRODUCTS_DIR)/FlickerFinder.app/FlickerFinder";
			};
			name = Debug;
		};
		5F91FE0C22BE7ED600AF86F7 /* Release */ = {
			isa = XCBuildConfiguration;
			buildSettings = {
				BUNDLE_LOADER = "$(TEST_HOST)";
				CODE_SIGN_STYLE = Automatic;
				DEVELOPMENT_TEAM = W7AVW8RD9R;
				INFOPLIST_FILE = FlickerFinderTests/Info.plist;
				LD_RUNPATH_SEARCH_PATHS = (
					"$(inherited)",
					"@executable_path/Frameworks",
					"@loader_path/Frameworks",
				);
				PRODUCT_BUNDLE_IDENTIFIER = FatimahGalhoum.FlickerFinderTests;
				PRODUCT_NAME = "$(TARGET_NAME)";
				SWIFT_VERSION = 5.0;
				TARGETED_DEVICE_FAMILY = "1,2";
				TEST_HOST = "$(BUILT_PRODUCTS_DIR)/FlickerFinder.app/FlickerFinder";
			};
			name = Release;
		};
/* End XCBuildConfiguration section */

/* Begin XCConfigurationList section */
		5F47AB4122B927AC0066E87D /* Build configuration list for PBXProject "FlickerFinder" */ = {
			isa = XCConfigurationList;
			buildConfigurations = (
				5F47AB5622B927AD0066E87D /* Debug */,
				5F47AB5722B927AD0066E87D /* Release */,
			);
			defaultConfigurationIsVisible = 0;
			defaultConfigurationName = Release;
		};
		5F47AB5822B927AD0066E87D /* Build configuration list for PBXNativeTarget "FlickerFinder" */ = {
			isa = XCConfigurationList;
			buildConfigurations = (
				5F47AB5922B927AD0066E87D /* Debug */,
				5F47AB5A22B927AD0066E87D /* Release */,
			);
			defaultConfigurationIsVisible = 0;
			defaultConfigurationName = Release;
		};
		5F91FE0A22BE7ED600AF86F7 /* Build configuration list for PBXNativeTarget "FlickerFinderTests" */ = {
			isa = XCConfigurationList;
			buildConfigurations = (
				5F91FE0B22BE7ED600AF86F7 /* Debug */,
				5F91FE0C22BE7ED600AF86F7 /* Release */,
			);
			defaultConfigurationIsVisible = 0;
			defaultConfigurationName = Release;
		};
/* End XCConfigurationList section */

/* Begin XCVersionGroup section */
		5FF3A64A22B92D31004AD107 /* Flickr.xcdatamodeld */ = {
			isa = XCVersionGroup;
			children = (
				5FF3A64B22B92D31004AD107 /* Flickr.xcdatamodel */,
			);
			currentVersion = 5FF3A64B22B92D31004AD107 /* Flickr.xcdatamodel */;
			path = Flickr.xcdatamodeld;
			sourceTree = "<group>";
			versionGroupType = wrapper.xcdatamodel;
		};
/* End XCVersionGroup section */
	};
	rootObject = 5F47AB3E22B927AC0066E87D /* Project object */;
}
